// !$*UTF8*$!
{
	archiveVersion = 1;
	classes = {
	};
	objectVersion = 55;
	objects = {

/* Begin PBXBuildFile section */
		0316072F275E5F890044E27B /* Meme.swift in Sources */ = {isa = PBXBuildFile; fileRef = 0316072E275E5F890044E27B /* Meme.swift */; };
		03F2536827422A0500AE7101 /* AppDelegate.swift in Sources */ = {isa = PBXBuildFile; fileRef = 03F2536727422A0500AE7101 /* AppDelegate.swift */; };
		03F2536A27422A0500AE7101 /* SceneDelegate.swift in Sources */ = {isa = PBXBuildFile; fileRef = 03F2536927422A0500AE7101 /* SceneDelegate.swift */; };
		03F2536C27422A0500AE7101 /* HomeViewController.swift in Sources */ = {isa = PBXBuildFile; fileRef = 03F2536B27422A0500AE7101 /* HomeViewController.swift */; };
		03F2537127422A0800AE7101 /* Assets.xcassets in Resources */ = {isa = PBXBuildFile; fileRef = 03F2537027422A0800AE7101 /* Assets.xcassets */; };
		03F2537427422A0800AE7101 /* LaunchScreen.storyboard in Resources */ = {isa = PBXBuildFile; fileRef = 03F2537227422A0800AE7101 /* LaunchScreen.storyboard */; };
		03F2537F27422A0900AE7101 /* MemeMeTests.swift in Sources */ = {isa = PBXBuildFile; fileRef = 03F2537E27422A0900AE7101 /* MemeMeTests.swift */; };
		03F2538927422A0900AE7101 /* MemeMeUITests.swift in Sources */ = {isa = PBXBuildFile; fileRef = 03F2538827422A0900AE7101 /* MemeMeUITests.swift */; };
		03F2538B27422A0900AE7101 /* MemeMeUITestsLaunchTests.swift in Sources */ = {isa = PBXBuildFile; fileRef = 03F2538A27422A0900AE7101 /* MemeMeUITestsLaunchTests.swift */; };
		03F2539927422F9500AE7101 /* Layoutable.swift in Sources */ = {isa = PBXBuildFile; fileRef = 03F2539827422F9500AE7101 /* Layoutable.swift */; };
		03F2539B27422FA300AE7101 /* Layouting.swift in Sources */ = {isa = PBXBuildFile; fileRef = 03F2539A27422FA300AE7101 /* Layouting.swift */; };
		03F253A12742331B00AE7101 /* HomeView.swift in Sources */ = {isa = PBXBuildFile; fileRef = 03F253A02742331B00AE7101 /* HomeView.swift */; };
		53267007CF197C85D6C24616 /* Pods_MemeMe.framework in Frameworks */ = {isa = PBXBuildFile; fileRef = EE0A5D07B0666B0F8F035624 /* Pods_MemeMe.framework */; };
		641B26F6682E9E5B6A487866 /* Pods_MemeMeTests.framework in Frameworks */ = {isa = PBXBuildFile; fileRef = BA641EF90BE6C2CEB0A104F0 /* Pods_MemeMeTests.framework */; };
		7FC48B6D6C9D33C7F3995652 /* Pods_MemeMe_MemeMeUITests.framework in Frameworks */ = {isa = PBXBuildFile; fileRef = 5E04D0B7BE9DFECF720C2B86 /* Pods_MemeMe_MemeMeUITests.framework */; };
/* End PBXBuildFile section */

/* Begin PBXContainerItemProxy section */
		03F2537B27422A0900AE7101 /* PBXContainerItemProxy */ = {
			isa = PBXContainerItemProxy;
			containerPortal = 03F2535C27422A0500AE7101 /* Project object */;
			proxyType = 1;
			remoteGlobalIDString = 03F2536327422A0500AE7101;
			remoteInfo = MemeMe;
		};
		03F2538527422A0900AE7101 /* PBXContainerItemProxy */ = {
			isa = PBXContainerItemProxy;
			containerPortal = 03F2535C27422A0500AE7101 /* Project object */;
			proxyType = 1;
			remoteGlobalIDString = 03F2536327422A0500AE7101;
			remoteInfo = MemeMe;
		};
/* End PBXContainerItemProxy section */

/* Begin PBXFileReference section */
		0316072E275E5F890044E27B /* Meme.swift */ = {isa = PBXFileReference; lastKnownFileType = sourcecode.swift; path = Meme.swift; sourceTree = "<group>"; };
		03F2536427422A0500AE7101 /* MemeMe.app */ = {isa = PBXFileReference; explicitFileType = wrapper.application; includeInIndex = 0; path = MemeMe.app; sourceTree = BUILT_PRODUCTS_DIR; };
		03F2536727422A0500AE7101 /* AppDelegate.swift */ = {isa = PBXFileReference; lastKnownFileType = sourcecode.swift; path = AppDelegate.swift; sourceTree = "<group>"; };
		03F2536927422A0500AE7101 /* SceneDelegate.swift */ = {isa = PBXFileReference; lastKnownFileType = sourcecode.swift; path = SceneDelegate.swift; sourceTree = "<group>"; };
		03F2536B27422A0500AE7101 /* HomeViewController.swift */ = {isa = PBXFileReference; lastKnownFileType = sourcecode.swift; path = HomeViewController.swift; sourceTree = "<group>"; };
		03F2537027422A0800AE7101 /* Assets.xcassets */ = {isa = PBXFileReference; lastKnownFileType = folder.assetcatalog; path = Assets.xcassets; sourceTree = "<group>"; };
		03F2537327422A0800AE7101 /* Base */ = {isa = PBXFileReference; lastKnownFileType = file.storyboard; name = Base; path = Base.lproj/LaunchScreen.storyboard; sourceTree = "<group>"; };
		03F2537527422A0800AE7101 /* Info.plist */ = {isa = PBXFileReference; lastKnownFileType = text.plist.xml; path = Info.plist; sourceTree = "<group>"; };
		03F2537A27422A0900AE7101 /* MemeMeTests.xctest */ = {isa = PBXFileReference; explicitFileType = wrapper.cfbundle; includeInIndex = 0; path = MemeMeTests.xctest; sourceTree = BUILT_PRODUCTS_DIR; };
		03F2537E27422A0900AE7101 /* MemeMeTests.swift */ = {isa = PBXFileReference; lastKnownFileType = sourcecode.swift; path = MemeMeTests.swift; sourceTree = "<group>"; };
		03F2538427422A0900AE7101 /* MemeMeUITests.xctest */ = {isa = PBXFileReference; explicitFileType = wrapper.cfbundle; includeInIndex = 0; path = MemeMeUITests.xctest; sourceTree = BUILT_PRODUCTS_DIR; };
		03F2538827422A0900AE7101 /* MemeMeUITests.swift */ = {isa = PBXFileReference; lastKnownFileType = sourcecode.swift; path = MemeMeUITests.swift; sourceTree = "<group>"; };
		03F2538A27422A0900AE7101 /* MemeMeUITestsLaunchTests.swift */ = {isa = PBXFileReference; lastKnownFileType = sourcecode.swift; path = MemeMeUITestsLaunchTests.swift; sourceTree = "<group>"; };
		03F2539827422F9500AE7101 /* Layoutable.swift */ = {isa = PBXFileReference; lastKnownFileType = sourcecode.swift; path = Layoutable.swift; sourceTree = "<group>"; };
		03F2539A27422FA300AE7101 /* Layouting.swift */ = {isa = PBXFileReference; lastKnownFileType = sourcecode.swift; path = Layouting.swift; sourceTree = "<group>"; };
		03F253A02742331B00AE7101 /* HomeView.swift */ = {isa = PBXFileReference; lastKnownFileType = sourcecode.swift; path = HomeView.swift; sourceTree = "<group>"; };
		0466C9518EB55514BCC8FBA2 /* Pods-MemeMe-MemeMeUITests.release.xcconfig */ = {isa = PBXFileReference; includeInIndex = 1; lastKnownFileType = text.xcconfig; name = "Pods-MemeMe-MemeMeUITests.release.xcconfig"; path = "Target Support Files/Pods-MemeMe-MemeMeUITests/Pods-MemeMe-MemeMeUITests.release.xcconfig"; sourceTree = "<group>"; };
		0CEF7052F4B4964241E7FF4F /* Pods-MemeMeTests.release.xcconfig */ = {isa = PBXFileReference; includeInIndex = 1; lastKnownFileType = text.xcconfig; name = "Pods-MemeMeTests.release.xcconfig"; path = "Target Support Files/Pods-MemeMeTests/Pods-MemeMeTests.release.xcconfig"; sourceTree = "<group>"; };
		5E04D0B7BE9DFECF720C2B86 /* Pods_MemeMe_MemeMeUITests.framework */ = {isa = PBXFileReference; explicitFileType = wrapper.framework; includeInIndex = 0; path = Pods_MemeMe_MemeMeUITests.framework; sourceTree = BUILT_PRODUCTS_DIR; };
		5F3FCA641A8683D7D71D1AB8 /* Pods-MemeMeTests.debug.xcconfig */ = {isa = PBXFileReference; includeInIndex = 1; lastKnownFileType = text.xcconfig; name = "Pods-MemeMeTests.debug.xcconfig"; path = "Target Support Files/Pods-MemeMeTests/Pods-MemeMeTests.debug.xcconfig"; sourceTree = "<group>"; };
		680AB750FEDF1C5362886459 /* Pods-MemeMe.debug.xcconfig */ = {isa = PBXFileReference; includeInIndex = 1; lastKnownFileType = text.xcconfig; name = "Pods-MemeMe.debug.xcconfig"; path = "Target Support Files/Pods-MemeMe/Pods-MemeMe.debug.xcconfig"; sourceTree = "<group>"; };
		B3C359A5457697CECCABB785 /* Pods-MemeMe-MemeMeUITests.debug.xcconfig */ = {isa = PBXFileReference; includeInIndex = 1; lastKnownFileType = text.xcconfig; name = "Pods-MemeMe-MemeMeUITests.debug.xcconfig"; path = "Target Support Files/Pods-MemeMe-MemeMeUITests/Pods-MemeMe-MemeMeUITests.debug.xcconfig"; sourceTree = "<group>"; };
		BA641EF90BE6C2CEB0A104F0 /* Pods_MemeMeTests.framework */ = {isa = PBXFileReference; explicitFileType = wrapper.framework; includeInIndex = 0; path = Pods_MemeMeTests.framework; sourceTree = BUILT_PRODUCTS_DIR; };
		EE0A5D07B0666B0F8F035624 /* Pods_MemeMe.framework */ = {isa = PBXFileReference; explicitFileType = wrapper.framework; includeInIndex = 0; path = Pods_MemeMe.framework; sourceTree = BUILT_PRODUCTS_DIR; };
		EF58ED6E8636A219BC87EB1D /* Pods-MemeMe.release.xcconfig */ = {isa = PBXFileReference; includeInIndex = 1; lastKnownFileType = text.xcconfig; name = "Pods-MemeMe.release.xcconfig"; path = "Target Support Files/Pods-MemeMe/Pods-MemeMe.release.xcconfig"; sourceTree = "<group>"; };
/* End PBXFileReference section */

/* Begin PBXFrameworksBuildPhase section */
		03F2536127422A0500AE7101 /* Frameworks */ = {
			isa = PBXFrameworksBuildPhase;
			buildActionMask = 2147483647;
			files = (
				53267007CF197C85D6C24616 /* Pods_MemeMe.framework in Frameworks */,
			);
			runOnlyForDeploymentPostprocessing = 0;
		};
		03F2537727422A0900AE7101 /* Frameworks */ = {
			isa = PBXFrameworksBuildPhase;
			buildActionMask = 2147483647;
			files = (
				641B26F6682E9E5B6A487866 /* Pods_MemeMeTests.framework in Frameworks */,
			);
			runOnlyForDeploymentPostprocessing = 0;
		};
		03F2538127422A0900AE7101 /* Frameworks */ = {
			isa = PBXFrameworksBuildPhase;
			buildActionMask = 2147483647;
			files = (
				7FC48B6D6C9D33C7F3995652 /* Pods_MemeMe_MemeMeUITests.framework in Frameworks */,
			);
			runOnlyForDeploymentPostprocessing = 0;
		};
/* End PBXFrameworksBuildPhase section */

/* Begin PBXGroup section */
		03F2535B27422A0500AE7101 = {
			isa = PBXGroup;
			children = (
				03F2536627422A0500AE7101 /* Sources */,
				03F2537D27422A0900AE7101 /* MemeMeTests */,
				03F2538727422A0900AE7101 /* MemeMeUITests */,
				03F2536527422A0500AE7101 /* Products */,
				3DB8B081C6F8CA5D4617E4B9 /* Pods */,
				D13E2F5AE734459A8F07B28F /* Frameworks */,
			);
			sourceTree = "<group>";
		};
		03F2536527422A0500AE7101 /* Products */ = {
			isa = PBXGroup;
			children = (
				03F2536427422A0500AE7101 /* MemeMe.app */,
				03F2537A27422A0900AE7101 /* MemeMeTests.xctest */,
				03F2538427422A0900AE7101 /* MemeMeUITests.xctest */,
			);
			name = Products;
			sourceTree = "<group>";
		};
		03F2536627422A0500AE7101 /* Sources */ = {
			isa = PBXGroup;
			children = (
				03F2539F274230B500AE7101 /* Scenes */,
				03F2539E2742309F00AE7101 /* ObjectStore */,
				03F2539D27422FFA00AE7101 /* Assets */,
				03F2539C27422FDC00AE7101 /* Supporting */,
				03F2539727422F7700AE7101 /* Protocols */,
			);
			path = Sources;
			sourceTree = "<group>";
		};
		03F2537D27422A0900AE7101 /* MemeMeTests */ = {
			isa = PBXGroup;
			children = (
				03F2537E27422A0900AE7101 /* MemeMeTests.swift */,
			);
			path = MemeMeTests;
			sourceTree = "<group>";
		};
		03F2538727422A0900AE7101 /* MemeMeUITests */ = {
			isa = PBXGroup;
			children = (
				03F2538827422A0900AE7101 /* MemeMeUITests.swift */,
				03F2538A27422A0900AE7101 /* MemeMeUITestsLaunchTests.swift */,
			);
			path = MemeMeUITests;
			sourceTree = "<group>";
		};
		03F2539727422F7700AE7101 /* Protocols */ = {
			isa = PBXGroup;
			children = (
				03F2539827422F9500AE7101 /* Layoutable.swift */,
				03F2539A27422FA300AE7101 /* Layouting.swift */,
			);
			path = Protocols;
			sourceTree = "<group>";
		};
		03F2539C27422FDC00AE7101 /* Supporting */ = {
			isa = PBXGroup;
			children = (
				03F2537227422A0800AE7101 /* LaunchScreen.storyboard */,
				03F2537527422A0800AE7101 /* Info.plist */,
			);
			path = Supporting;
			sourceTree = "<group>";
		};
		03F2539D27422FFA00AE7101 /* Assets */ = {
			isa = PBXGroup;
			children = (
				03F2537027422A0800AE7101 /* Assets.xcassets */,
			);
			path = Assets;
			sourceTree = "<group>";
		};
		03F2539E2742309F00AE7101 /* ObjectStore */ = {
			isa = PBXGroup;
			children = (
				03F2536727422A0500AE7101 /* AppDelegate.swift */,
				03F2536927422A0500AE7101 /* SceneDelegate.swift */,
			);
			path = ObjectStore;
			sourceTree = "<group>";
		};
		03F2539F274230B500AE7101 /* Scenes */ = {
			isa = PBXGroup;
			children = (
				03F2536B27422A0500AE7101 /* HomeViewController.swift */,
				03F253A02742331B00AE7101 /* HomeView.swift */,
				0316072E275E5F890044E27B /* Meme.swift */,
			);
			path = Scenes;
			sourceTree = "<group>";
		};
		3DB8B081C6F8CA5D4617E4B9 /* Pods */ = {
			isa = PBXGroup;
			children = (
				680AB750FEDF1C5362886459 /* Pods-MemeMe.debug.xcconfig */,
				EF58ED6E8636A219BC87EB1D /* Pods-MemeMe.release.xcconfig */,
				B3C359A5457697CECCABB785 /* Pods-MemeMe-MemeMeUITests.debug.xcconfig */,
				0466C9518EB55514BCC8FBA2 /* Pods-MemeMe-MemeMeUITests.release.xcconfig */,
				5F3FCA641A8683D7D71D1AB8 /* Pods-MemeMeTests.debug.xcconfig */,
				0CEF7052F4B4964241E7FF4F /* Pods-MemeMeTests.release.xcconfig */,
			);
			path = Pods;
			sourceTree = "<group>";
		};
		D13E2F5AE734459A8F07B28F /* Frameworks */ = {
			isa = PBXGroup;
			children = (
				EE0A5D07B0666B0F8F035624 /* Pods_MemeMe.framework */,
				5E04D0B7BE9DFECF720C2B86 /* Pods_MemeMe_MemeMeUITests.framework */,
				BA641EF90BE6C2CEB0A104F0 /* Pods_MemeMeTests.framework */,
			);
			name = Frameworks;
			sourceTree = "<group>";
		};
/* End PBXGroup section */

/* Begin PBXNativeTarget section */
		03F2536327422A0500AE7101 /* MemeMe */ = {
			isa = PBXNativeTarget;
			buildConfigurationList = 03F2538E27422A0900AE7101 /* Build configuration list for PBXNativeTarget "MemeMe" */;
			buildPhases = (
				66DAE56D6B9362FE97D79341 /* [CP] Check Pods Manifest.lock */,
				03F2536027422A0500AE7101 /* Sources */,
				03F2536127422A0500AE7101 /* Frameworks */,
				03F2536227422A0500AE7101 /* Resources */,
				BB0DA5A35086E4660CCBCB05 /* [CP] Embed Pods Frameworks */,
			);
			buildRules = (
			);
			dependencies = (
			);
			name = MemeMe;
			productName = MemeMe;
			productReference = 03F2536427422A0500AE7101 /* MemeMe.app */;
			productType = "com.apple.product-type.application";
		};
		03F2537927422A0900AE7101 /* MemeMeTests */ = {
			isa = PBXNativeTarget;
			buildConfigurationList = 03F2539127422A0900AE7101 /* Build configuration list for PBXNativeTarget "MemeMeTests" */;
			buildPhases = (
				43D86490190B569ED1B0BD12 /* [CP] Check Pods Manifest.lock */,
				03F2537627422A0900AE7101 /* Sources */,
				03F2537727422A0900AE7101 /* Frameworks */,
				03F2537827422A0900AE7101 /* Resources */,
			);
			buildRules = (
			);
			dependencies = (
				03F2537C27422A0900AE7101 /* PBXTargetDependency */,
			);
			name = MemeMeTests;
			productName = MemeMeTests;
			productReference = 03F2537A27422A0900AE7101 /* MemeMeTests.xctest */;
			productType = "com.apple.product-type.bundle.unit-test";
		};
		03F2538327422A0900AE7101 /* MemeMeUITests */ = {
			isa = PBXNativeTarget;
			buildConfigurationList = 03F2539427422A0900AE7101 /* Build configuration list for PBXNativeTarget "MemeMeUITests" */;
			buildPhases = (
				148CBEEDD47D98623E86E85F /* [CP] Check Pods Manifest.lock */,
				03F2538027422A0900AE7101 /* Sources */,
				03F2538127422A0900AE7101 /* Frameworks */,
				03F2538227422A0900AE7101 /* Resources */,
				193435F5F42A587A21480B4D /* [CP] Embed Pods Frameworks */,
			);
			buildRules = (
			);
			dependencies = (
				03F2538627422A0900AE7101 /* PBXTargetDependency */,
			);
			name = MemeMeUITests;
			productName = MemeMeUITests;
			productReference = 03F2538427422A0900AE7101 /* MemeMeUITests.xctest */;
			productType = "com.apple.product-type.bundle.ui-testing";
		};
/* End PBXNativeTarget section */

/* Begin PBXProject section */
		03F2535C27422A0500AE7101 /* Project object */ = {
			isa = PBXProject;
			attributes = {
				BuildIndependentTargetsInParallel = 1;
				LastSwiftUpdateCheck = 1310;
				LastUpgradeCheck = 1310;
				TargetAttributes = {
					03F2536327422A0500AE7101 = {
						CreatedOnToolsVersion = 13.1;
					};
					03F2537927422A0900AE7101 = {
						CreatedOnToolsVersion = 13.1;
						TestTargetID = 03F2536327422A0500AE7101;
					};
					03F2538327422A0900AE7101 = {
						CreatedOnToolsVersion = 13.1;
						TestTargetID = 03F2536327422A0500AE7101;
					};
				};
			};
			buildConfigurationList = 03F2535F27422A0500AE7101 /* Build configuration list for PBXProject "MemeMe" */;
			compatibilityVersion = "Xcode 13.0";
			developmentRegion = en;
			hasScannedForEncodings = 0;
			knownRegions = (
				en,
				Base,
			);
			mainGroup = 03F2535B27422A0500AE7101;
			productRefGroup = 03F2536527422A0500AE7101 /* Products */;
			projectDirPath = "";
			projectRoot = "";
			targets = (
				03F2536327422A0500AE7101 /* MemeMe */,
				03F2537927422A0900AE7101 /* MemeMeTests */,
				03F2538327422A0900AE7101 /* MemeMeUITests */,
			);
		};
/* End PBXProject section */

/* Begin PBXResourcesBuildPhase section */
		03F2536227422A0500AE7101 /* Resources */ = {
			isa = PBXResourcesBuildPhase;
			buildActionMask = 2147483647;
			files = (
				03F2537427422A0800AE7101 /* LaunchScreen.storyboard in Resources */,
				03F2537127422A0800AE7101 /* Assets.xcassets in Resources */,
			);
			runOnlyForDeploymentPostprocessing = 0;
		};
		03F2537827422A0900AE7101 /* Resources */ = {
			isa = PBXResourcesBuildPhase;
			buildActionMask = 2147483647;
			files = (
			);
			runOnlyForDeploymentPostprocessing = 0;
		};
		03F2538227422A0900AE7101 /* Resources */ = {
			isa = PBXResourcesBuildPhase;
			buildActionMask = 2147483647;
			files = (
			);
			runOnlyForDeploymentPostprocessing = 0;
		};
/* End PBXResourcesBuildPhase section */

/* Begin PBXShellScriptBuildPhase section */
		148CBEEDD47D98623E86E85F /* [CP] Check Pods Manifest.lock */ = {
			isa = PBXShellScriptBuildPhase;
			buildActionMask = 2147483647;
			files = (
			);
			inputFileListPaths = (
			);
			inputPaths = (
				"${PODS_PODFILE_DIR_PATH}/Podfile.lock",
				"${PODS_ROOT}/Manifest.lock",
			);
			name = "[CP] Check Pods Manifest.lock";
			outputFileListPaths = (
			);
			outputPaths = (
				"$(DERIVED_FILE_DIR)/Pods-MemeMe-MemeMeUITests-checkManifestLockResult.txt",
			);
			runOnlyForDeploymentPostprocessing = 0;
			shellPath = /bin/sh;
			shellScript = "diff \"${PODS_PODFILE_DIR_PATH}/Podfile.lock\" \"${PODS_ROOT}/Manifest.lock\" > /dev/null\nif [ $? != 0 ] ; then\n    # print error to STDERR\n    echo \"error: The sandbox is not in sync with the Podfile.lock. Run 'pod install' or update your CocoaPods installation.\" >&2\n    exit 1\nfi\n# This output is used by Xcode 'outputs' to avoid re-running this script phase.\necho \"SUCCESS\" > \"${SCRIPT_OUTPUT_FILE_0}\"\n";
			showEnvVarsInLog = 0;
		};
		193435F5F42A587A21480B4D /* [CP] Embed Pods Frameworks */ = {
			isa = PBXShellScriptBuildPhase;
			buildActionMask = 2147483647;
			files = (
			);
			inputFileListPaths = (
				"${PODS_ROOT}/Target Support Files/Pods-MemeMe-MemeMeUITests/Pods-MemeMe-MemeMeUITests-frameworks-${CONFIGURATION}-input-files.xcfilelist",
			);
			name = "[CP] Embed Pods Frameworks";
			outputFileListPaths = (
				"${PODS_ROOT}/Target Support Files/Pods-MemeMe-MemeMeUITests/Pods-MemeMe-MemeMeUITests-frameworks-${CONFIGURATION}-output-files.xcfilelist",
			);
			runOnlyForDeploymentPostprocessing = 0;
			shellPath = /bin/sh;
			shellScript = "\"${PODS_ROOT}/Target Support Files/Pods-MemeMe-MemeMeUITests/Pods-MemeMe-MemeMeUITests-frameworks.sh\"\n";
			showEnvVarsInLog = 0;
		};
		43D86490190B569ED1B0BD12 /* [CP] Check Pods Manifest.lock */ = {
			isa = PBXShellScriptBuildPhase;
			buildActionMask = 2147483647;
			files = (
			);
			inputFileListPaths = (
			);
			inputPaths = (
				"${PODS_PODFILE_DIR_PATH}/Podfile.lock",
				"${PODS_ROOT}/Manifest.lock",
			);
			name = "[CP] Check Pods Manifest.lock";
			outputFileListPaths = (
			);
			outputPaths = (
				"$(DERIVED_FILE_DIR)/Pods-MemeMeTests-checkManifestLockResult.txt",
			);
			runOnlyForDeploymentPostprocessing = 0;
			shellPath = /bin/sh;
			shellScript = "diff \"${PODS_PODFILE_DIR_PATH}/Podfile.lock\" \"${PODS_ROOT}/Manifest.lock\" > /dev/null\nif [ $? != 0 ] ; then\n    # print error to STDERR\n    echo \"error: The sandbox is not in sync with the Podfile.lock. Run 'pod install' or update your CocoaPods installation.\" >&2\n    exit 1\nfi\n# This output is used by Xcode 'outputs' to avoid re-running this script phase.\necho \"SUCCESS\" > \"${SCRIPT_OUTPUT_FILE_0}\"\n";
			showEnvVarsInLog = 0;
		};
		66DAE56D6B9362FE97D79341 /* [CP] Check Pods Manifest.lock */ = {
			isa = PBXShellScriptBuildPhase;
			buildActionMask = 2147483647;
			files = (
			);
			inputFileListPaths = (
			);
			inputPaths = (
				"${PODS_PODFILE_DIR_PATH}/Podfile.lock",
				"${PODS_ROOT}/Manifest.lock",
			);
			name = "[CP] Check Pods Manifest.lock";
			outputFileListPaths = (
			);
			outputPaths = (
				"$(DERIVED_FILE_DIR)/Pods-MemeMe-checkManifestLockResult.txt",
			);
			runOnlyForDeploymentPostprocessing = 0;
			shellPath = /bin/sh;
			shellScript = "diff \"${PODS_PODFILE_DIR_PATH}/Podfile.lock\" \"${PODS_ROOT}/Manifest.lock\" > /dev/null\nif [ $? != 0 ] ; then\n    # print error to STDERR\n    echo \"error: The sandbox is not in sync with the Podfile.lock. Run 'pod install' or update your CocoaPods installation.\" >&2\n    exit 1\nfi\n# This output is used by Xcode 'outputs' to avoid re-running this script phase.\necho \"SUCCESS\" > \"${SCRIPT_OUTPUT_FILE_0}\"\n";
			showEnvVarsInLog = 0;
		};
		BB0DA5A35086E4660CCBCB05 /* [CP] Embed Pods Frameworks */ = {
			isa = PBXShellScriptBuildPhase;
			buildActionMask = 2147483647;
			files = (
			);
			inputFileListPaths = (
				"${PODS_ROOT}/Target Support Files/Pods-MemeMe/Pods-MemeMe-frameworks-${CONFIGURATION}-input-files.xcfilelist",
			);
			name = "[CP] Embed Pods Frameworks";
			outputFileListPaths = (
				"${PODS_ROOT}/Target Support Files/Pods-MemeMe/Pods-MemeMe-frameworks-${CONFIGURATION}-output-files.xcfilelist",
			);
			runOnlyForDeploymentPostprocessing = 0;
			shellPath = /bin/sh;
			shellScript = "\"${PODS_ROOT}/Target Support Files/Pods-MemeMe/Pods-MemeMe-frameworks.sh\"\n";
			showEnvVarsInLog = 0;
		};
/* End PBXShellScriptBuildPhase section */

/* Begin PBXSourcesBuildPhase section */
		03F2536027422A0500AE7101 /* Sources */ = {
			isa = PBXSourcesBuildPhase;
			buildActionMask = 2147483647;
			files = (
				03F2536C27422A0500AE7101 /* HomeViewController.swift in Sources */,
				03F2539927422F9500AE7101 /* Layoutable.swift in Sources */,
				0316072F275E5F890044E27B /* Meme.swift in Sources */,
				03F2536827422A0500AE7101 /* AppDelegate.swift in Sources */,
				03F253A12742331B00AE7101 /* HomeView.swift in Sources */,
				03F2539B27422FA300AE7101 /* Layouting.swift in Sources */,
				03F2536A27422A0500AE7101 /* SceneDelegate.swift in Sources */,
			);
			runOnlyForDeploymentPostprocessing = 0;
		};
		03F2537627422A0900AE7101 /* Sources */ = {
			isa = PBXSourcesBuildPhase;
			buildActionMask = 2147483647;
			files = (
				03F2537F27422A0900AE7101 /* MemeMeTests.swift in Sources */,
			);
			runOnlyForDeploymentPostprocessing = 0;
		};
		03F2538027422A0900AE7101 /* Sources */ = {
			isa = PBXSourcesBuildPhase;
			buildActionMask = 2147483647;
			files = (
				03F2538B27422A0900AE7101 /* MemeMeUITestsLaunchTests.swift in Sources */,
				03F2538927422A0900AE7101 /* MemeMeUITests.swift in Sources */,
			);
			runOnlyForDeploymentPostprocessing = 0;
		};
/* End PBXSourcesBuildPhase section */

/* Begin PBXTargetDependency section */
		03F2537C27422A0900AE7101 /* PBXTargetDependency */ = {
			isa = PBXTargetDependency;
			target = 03F2536327422A0500AE7101 /* MemeMe */;
			targetProxy = 03F2537B27422A0900AE7101 /* PBXContainerItemProxy */;
		};
		03F2538627422A0900AE7101 /* PBXTargetDependency */ = {
			isa = PBXTargetDependency;
			target = 03F2536327422A0500AE7101 /* MemeMe */;
			targetProxy = 03F2538527422A0900AE7101 /* PBXContainerItemProxy */;
		};
/* End PBXTargetDependency section */

/* Begin PBXVariantGroup section */
		03F2537227422A0800AE7101 /* LaunchScreen.storyboard */ = {
			isa = PBXVariantGroup;
			children = (
				03F2537327422A0800AE7101 /* Base */,
			);
			name = LaunchScreen.storyboard;
			sourceTree = "<group>";
		};
/* End PBXVariantGroup section */

/* Begin XCBuildConfiguration section */
		03F2538C27422A0900AE7101 /* Debug */ = {
			isa = XCBuildConfiguration;
			buildSettings = {
				ALWAYS_SEARCH_USER_PATHS = NO;
				CLANG_ANALYZER_NONNULL = YES;
				CLANG_ANALYZER_NUMBER_OBJECT_CONVERSION = YES_AGGRESSIVE;
				CLANG_CXX_LANGUAGE_STANDARD = "gnu++17";
				CLANG_CXX_LIBRARY = "libc++";
				CLANG_ENABLE_MODULES = YES;
				CLANG_ENABLE_OBJC_ARC = YES;
				CLANG_ENABLE_OBJC_WEAK = YES;
				CLANG_WARN_BLOCK_CAPTURE_AUTORELEASING = YES;
				CLANG_WARN_BOOL_CONVERSION = YES;
				CLANG_WARN_COMMA = YES;
				CLANG_WARN_CONSTANT_CONVERSION = YES;
				CLANG_WARN_DEPRECATED_OBJC_IMPLEMENTATIONS = YES;
				CLANG_WARN_DIRECT_OBJC_ISA_USAGE = YES_ERROR;
				CLANG_WARN_DOCUMENTATION_COMMENTS = YES;
				CLANG_WARN_EMPTY_BODY = YES;
				CLANG_WARN_ENUM_CONVERSION = YES;
				CLANG_WARN_INFINITE_RECURSION = YES;
				CLANG_WARN_INT_CONVERSION = YES;
				CLANG_WARN_NON_LITERAL_NULL_CONVERSION = YES;
				CLANG_WARN_OBJC_IMPLICIT_RETAIN_SELF = YES;
				CLANG_WARN_OBJC_LITERAL_CONVERSION = YES;
				CLANG_WARN_OBJC_ROOT_CLASS = YES_ERROR;
				CLANG_WARN_QUOTED_INCLUDE_IN_FRAMEWORK_HEADER = YES;
				CLANG_WARN_RANGE_LOOP_ANALYSIS = YES;
				CLANG_WARN_STRICT_PROTOTYPES = YES;
				CLANG_WARN_SUSPICIOUS_MOVE = YES;
				CLANG_WARN_UNGUARDED_AVAILABILITY = YES_AGGRESSIVE;
				CLANG_WARN_UNREACHABLE_CODE = YES;
				CLANG_WARN__DUPLICATE_METHOD_MATCH = YES;
				COPY_PHASE_STRIP = NO;
				DEBUG_INFORMATION_FORMAT = dwarf;
				ENABLE_STRICT_OBJC_MSGSEND = YES;
				ENABLE_TESTABILITY = YES;
				GCC_C_LANGUAGE_STANDARD = gnu11;
				GCC_DYNAMIC_NO_PIC = NO;
				GCC_NO_COMMON_BLOCKS = YES;
				GCC_OPTIMIZATION_LEVEL = 0;
				GCC_PREPROCESSOR_DEFINITIONS = (
					"DEBUG=1",
					"$(inherited)",
				);
				GCC_WARN_64_TO_32_BIT_CONVERSION = YES;
				GCC_WARN_ABOUT_RETURN_TYPE = YES_ERROR;
				GCC_WARN_UNDECLARED_SELECTOR = YES;
				GCC_WARN_UNINITIALIZED_AUTOS = YES_AGGRESSIVE;
				GCC_WARN_UNUSED_FUNCTION = YES;
				GCC_WARN_UNUSED_VARIABLE = YES;
				INFOPLIST_FILE = Sources/Supporting/Info.plist;
				IPHONEOS_DEPLOYMENT_TARGET = 15.0;
				MTL_ENABLE_DEBUG_INFO = INCLUDE_SOURCE;
				MTL_FAST_MATH = YES;
				ONLY_ACTIVE_ARCH = YES;
				SDKROOT = iphoneos;
				SWIFT_ACTIVE_COMPILATION_CONDITIONS = DEBUG;
				SWIFT_OPTIMIZATION_LEVEL = "-Onone";
			};
			name = Debug;
		};
		03F2538D27422A0900AE7101 /* Release */ = {
			isa = XCBuildConfiguration;
			buildSettings = {
				ALWAYS_SEARCH_USER_PATHS = NO;
				CLANG_ANALYZER_NONNULL = YES;
				CLANG_ANALYZER_NUMBER_OBJECT_CONVERSION = YES_AGGRESSIVE;
				CLANG_CXX_LANGUAGE_STANDARD = "gnu++17";
				CLANG_CXX_LIBRARY = "libc++";
				CLANG_ENABLE_MODULES = YES;
				CLANG_ENABLE_OBJC_ARC = YES;
				CLANG_ENABLE_OBJC_WEAK = YES;
				CLANG_WARN_BLOCK_CAPTURE_AUTORELEASING = YES;
				CLANG_WARN_BOOL_CONVERSION = YES;
				CLANG_WARN_COMMA = YES;
				CLANG_WARN_CONSTANT_CONVERSION = YES;
				CLANG_WARN_DEPRECATED_OBJC_IMPLEMENTATIONS = YES;
				CLANG_WARN_DIRECT_OBJC_ISA_USAGE = YES_ERROR;
				CLANG_WARN_DOCUMENTATION_COMMENTS = YES;
				CLANG_WARN_EMPTY_BODY = YES;
				CLANG_WARN_ENUM_CONVERSION = YES;
				CLANG_WARN_INFINITE_RECURSION = YES;
				CLANG_WARN_INT_CONVERSION = YES;
				CLANG_WARN_NON_LITERAL_NULL_CONVERSION = YES;
				CLANG_WARN_OBJC_IMPLICIT_RETAIN_SELF = YES;
				CLANG_WARN_OBJC_LITERAL_CONVERSION = YES;
				CLANG_WARN_OBJC_ROOT_CLASS = YES_ERROR;
				CLANG_WARN_QUOTED_INCLUDE_IN_FRAMEWORK_HEADER = YES;
				CLANG_WARN_RANGE_LOOP_ANALYSIS = YES;
				CLANG_WARN_STRICT_PROTOTYPES = YES;
				CLANG_WARN_SUSPICIOUS_MOVE = YES;
				CLANG_WARN_UNGUARDED_AVAILABILITY = YES_AGGRESSIVE;
				CLANG_WARN_UNREACHABLE_CODE = YES;
				CLANG_WARN__DUPLICATE_METHOD_MATCH = YES;
				COPY_PHASE_STRIP = NO;
				DEBUG_INFORMATION_FORMAT = "dwarf-with-dsym";
				ENABLE_NS_ASSERTIONS = NO;
				ENABLE_STRICT_OBJC_MSGSEND = YES;
				GCC_C_LANGUAGE_STANDARD = gnu11;
				GCC_NO_COMMON_BLOCKS = YES;
				GCC_WARN_64_TO_32_BIT_CONVERSION = YES;
				GCC_WARN_ABOUT_RETURN_TYPE = YES_ERROR;
				GCC_WARN_UNDECLARED_SELECTOR = YES;
				GCC_WARN_UNINITIALIZED_AUTOS = YES_AGGRESSIVE;
				GCC_WARN_UNUSED_FUNCTION = YES;
				GCC_WARN_UNUSED_VARIABLE = YES;
				INFOPLIST_FILE = Sources/Supporting/Info.plist;
				IPHONEOS_DEPLOYMENT_TARGET = 15.0;
				MTL_ENABLE_DEBUG_INFO = NO;
				MTL_FAST_MATH = YES;
				SDKROOT = iphoneos;
				SWIFT_COMPILATION_MODE = wholemodule;
				SWIFT_OPTIMIZATION_LEVEL = "-O";
				VALIDATE_PRODUCT = YES;
			};
			name = Release;
		};
		03F2538F27422A0900AE7101 /* Debug */ = {
			isa = XCBuildConfiguration;
			baseConfigurationReference = 680AB750FEDF1C5362886459 /* Pods-MemeMe.debug.xcconfig */;
			buildSettings = {
				ASSETCATALOG_COMPILER_APPICON_NAME = AppIcon;
				ASSETCATALOG_COMPILER_GLOBAL_ACCENT_COLOR_NAME = AccentColor;
				CODE_SIGN_STYLE = Automatic;
				CURRENT_PROJECT_VERSION = 1;
				DEVELOPMENT_TEAM = DWDCX78N6X;
				GENERATE_INFOPLIST_FILE = YES;
				INFOPLIST_FILE = Sources/Supporting/Info.plist;
				INFOPLIST_KEY_UIApplicationSupportsIndirectInputEvents = YES;
				INFOPLIST_KEY_UILaunchStoryboardName = LaunchScreen;
				INFOPLIST_KEY_UISupportedInterfaceOrientations_iPad = "UIInterfaceOrientationPortrait UIInterfaceOrientationPortraitUpsideDown UIInterfaceOrientationLandscapeLeft UIInterfaceOrientationLandscapeRight";
				INFOPLIST_KEY_UISupportedInterfaceOrientations_iPhone = "UIInterfaceOrientationPortrait UIInterfaceOrientationLandscapeLeft UIInterfaceOrientationLandscapeRight";
				IPHONEOS_DEPLOYMENT_TARGET = 15.0;
				LD_RUNPATH_SEARCH_PATHS = (
					"$(inherited)",
					"@executable_path/Frameworks",
				);
				MARKETING_VERSION = 1.0;
				PRODUCT_BUNDLE_IDENTIFIER = com.bep.MemeMe;
				PRODUCT_NAME = "$(TARGET_NAME)";
				SWIFT_EMIT_LOC_STRINGS = YES;
				SWIFT_VERSION = 5.0;
				TARGETED_DEVICE_FAMILY = 1;
			};
			name = Debug;
		};
		03F2539027422A0900AE7101 /* Release */ = {
			isa = XCBuildConfiguration;
			baseConfigurationReference = EF58ED6E8636A219BC87EB1D /* Pods-MemeMe.release.xcconfig */;
			buildSettings = {
				ASSETCATALOG_COMPILER_APPICON_NAME = AppIcon;
				ASSETCATALOG_COMPILER_GLOBAL_ACCENT_COLOR_NAME = AccentColor;
				CODE_SIGN_STYLE = Automatic;
				CURRENT_PROJECT_VERSION = 1;
				DEVELOPMENT_TEAM = DWDCX78N6X;
				GENERATE_INFOPLIST_FILE = YES;
				INFOPLIST_FILE = Sources/Supporting/Info.plist;
				INFOPLIST_KEY_UIApplicationSupportsIndirectInputEvents = YES;
				INFOPLIST_KEY_UILaunchStoryboardName = LaunchScreen;
				INFOPLIST_KEY_UISupportedInterfaceOrientations_iPad = "UIInterfaceOrientationPortrait UIInterfaceOrientationPortraitUpsideDown UIInterfaceOrientationLandscapeLeft UIInterfaceOrientationLandscapeRight";
				INFOPLIST_KEY_UISupportedInterfaceOrientations_iPhone = "UIInterfaceOrientationPortrait UIInterfaceOrientationLandscapeLeft UIInterfaceOrientationLandscapeRight";
				IPHONEOS_DEPLOYMENT_TARGET = 15.0;
				LD_RUNPATH_SEARCH_PATHS = (
					"$(inherited)",
					"@executable_path/Frameworks",
				);
				MARKETING_VERSION = 1.0;
				PRODUCT_BUNDLE_IDENTIFIER = com.bep.MemeMe;
				PRODUCT_NAME = "$(TARGET_NAME)";
				SWIFT_EMIT_LOC_STRINGS = YES;
				SWIFT_VERSION = 5.0;
				TARGETED_DEVICE_FAMILY = 1;
			};
			name = Release;
		};
		03F2539227422A0900AE7101 /* Debug */ = {
			isa = XCBuildConfiguration;
			baseConfigurationReference = 5F3FCA641A8683D7D71D1AB8 /* Pods-MemeMeTests.debug.xcconfig */;
			buildSettings = {
				ALWAYS_EMBED_SWIFT_STANDARD_LIBRARIES = YES;
				BUNDLE_LOADER = "$(TEST_HOST)";
				CODE_SIGN_STYLE = Automatic;
				CURRENT_PROJECT_VERSION = 1;
				DEVELOPMENT_TEAM = DWDCX78N6X;
				GENERATE_INFOPLIST_FILE = YES;
				INFOPLIST_FILE = Sources/Supporting/Info.plist;
				IPHONEOS_DEPLOYMENT_TARGET = 15.0;
				LD_RUNPATH_SEARCH_PATHS = (
					"$(inherited)",
					"@executable_path/Frameworks",
					"@loader_path/Frameworks",
				);
				MARKETING_VERSION = 1.0;
				PRODUCT_BUNDLE_IDENTIFIER = com.bep.MemeMeTests;
				PRODUCT_NAME = "$(TARGET_NAME)";
				SWIFT_EMIT_LOC_STRINGS = NO;
				SWIFT_VERSION = 5.0;
				TARGETED_DEVICE_FAMILY = "1,2";
				TEST_HOST = "$(BUILT_PRODUCTS_DIR)/MemeMe.app/MemeMe";
			};
			name = Debug;
		};
		03F2539327422A0900AE7101 /* Release */ = {
			isa = XCBuildConfiguration;
			baseConfigurationReference = 0CEF7052F4B4964241E7FF4F /* Pods-MemeMeTests.release.xcconfig */;
			buildSettings = {
				ALWAYS_EMBED_SWIFT_STANDARD_LIBRARIES = YES;
				BUNDLE_LOADER = "$(TEST_HOST)";
				CODE_SIGN_STYLE = Automatic;
				CURRENT_PROJECT_VERSION = 1;
				DEVELOPMENT_TEAM = DWDCX78N6X;
				GENERATE_INFOPLIST_FILE = YES;
				INFOPLIST_FILE = Sources/Supporting/Info.plist;
				IPHONEOS_DEPLOYMENT_TARGET = 15.0;
				LD_RUNPATH_SEARCH_PATHS = (
					"$(inherited)",
					"@executable_path/Frameworks",
					"@loader_path/Frameworks",
				);
				MARKETING_VERSION = 1.0;
				PRODUCT_BUNDLE_IDENTIFIER = com.bep.MemeMeTests;
				PRODUCT_NAME = "$(TARGET_NAME)";
				SWIFT_EMIT_LOC_STRINGS = NO;
				SWIFT_VERSION = 5.0;
				TARGETED_DEVICE_FAMILY = "1,2";
				TEST_HOST = "$(BUILT_PRODUCTS_DIR)/MemeMe.app/MemeMe";
			};
			name = Release;
		};
		03F2539527422A0900AE7101 /* Debug */ = {
			isa = XCBuildConfiguration;
			baseConfigurationReference = B3C359A5457697CECCABB785 /* Pods-MemeMe-MemeMeUITests.debug.xcconfig */;
			buildSettings = {
				ALWAYS_EMBED_SWIFT_STANDARD_LIBRARIES = YES;
				CODE_SIGN_STYLE = Automatic;
				CURRENT_PROJECT_VERSION = 1;
				DEVELOPMENT_TEAM = DWDCX78N6X;
				GENERATE_INFOPLIST_FILE = YES;
				INFOPLIST_FILE = Sources/Supporting/Info.plist;
				LD_RUNPATH_SEARCH_PATHS = (
					"$(inherited)",
					"@executable_path/Frameworks",
					"@loader_path/Frameworks",
				);
				MARKETING_VERSION = 1.0;
				PRODUCT_BUNDLE_IDENTIFIER = com.bep.MemeMeUITests;
				PRODUCT_NAME = "$(TARGET_NAME)";
				SWIFT_EMIT_LOC_STRINGS = NO;
				SWIFT_VERSION = 5.0;
				TARGETED_DEVICE_FAMILY = "1,2";
				TEST_TARGET_NAME = MemeMe;
			};
			name = Debug;
		};
		03F2539627422A0900AE7101 /* Release */ = {
			isa = XCBuildConfiguration;
			baseConfigurationReference = 0466C9518EB55514BCC8FBA2 /* Pods-MemeMe-MemeMeUITests.release.xcconfig */;
			buildSettings = {
				ALWAYS_EMBED_SWIFT_STANDARD_LIBRARIES = YES;
				CODE_SIGN_STYLE = Automatic;
				CURRENT_PROJECT_VERSION = 1;
				DEVELOPMENT_TEAM = DWDCX78N6X;
				GENERATE_INFOPLIST_FILE = YES;
				INFOPLIST_FILE = Sources/Supporting/Info.plist;
				LD_RUNPATH_SEARCH_PATHS = (
					"$(inherited)",
					"@executable_path/Frameworks",
					"@loader_path/Frameworks",
				);
				MARKETING_VERSION = 1.0;
				PRODUCT_BUNDLE_IDENTIFIER = com.bep.MemeMeUITests;
				PRODUCT_NAME = "$(TARGET_NAME)";
				SWIFT_EMIT_LOC_STRINGS = NO;
				SWIFT_VERSION = 5.0;
				TARGETED_DEVICE_FAMILY = "1,2";
				TEST_TARGET_NAME = MemeMe;
			};
			name = Release;
		};
/* End XCBuildConfiguration section */

/* Begin XCConfigurationList section */
		03F2535F27422A0500AE7101 /* Build configuration list for PBXProject "MemeMe" */ = {
			isa = XCConfigurationList;
			buildConfigurations = (
				03F2538C27422A0900AE7101 /* Debug */,
				03F2538D27422A0900AE7101 /* Release */,
			);
			defaultConfigurationIsVisible = 0;
			defaultConfigurationName = Release;
		};
		03F2538E27422A0900AE7101 /* Build configuration list for PBXNativeTarget "MemeMe" */ = {
			isa = XCConfigurationList;
			buildConfigurations = (
				03F2538F27422A0900AE7101 /* Debug */,
				03F2539027422A0900AE7101 /* Release */,
			);
			defaultConfigurationIsVisible = 0;
			defaultConfigurationName = Release;
		};
		03F2539127422A0900AE7101 /* Build configuration list for PBXNativeTarget "MemeMeTests" */ = {
			isa = XCConfigurationList;
			buildConfigurations = (
				03F2539227422A0900AE7101 /* Debug */,
				03F2539327422A0900AE7101 /* Release */,
			);
			defaultConfigurationIsVisible = 0;
			defaultConfigurationName = Release;
		};
		03F2539427422A0900AE7101 /* Build configuration list for PBXNativeTarget "MemeMeUITests" */ = {
			isa = XCConfigurationList;
			buildConfigurations = (
				03F2539527422A0900AE7101 /* Debug */,
				03F2539627422A0900AE7101 /* Release */,
			);
			defaultConfigurationIsVisible = 0;
			defaultConfigurationName = Release;
		};
/* End XCConfigurationList section */
	};
	rootObject = 03F2535C27422A0500AE7101 /* Project object */;
}
